// !$*UTF8*$!
{
	archiveVersion = 1;
	classes = {
	};
	objectVersion = 55;
	objects = {

/* Begin PBXBuildFile section */
		FC61DA72277C5B4100E1C775 /* SmallVerticalButtonView.swift in Sources */ = {isa = PBXBuildFile; fileRef = FC61DA71277C5B4000E1C775 /* SmallVerticalButtonView.swift */; };
		FC61DA74277C652600E1C775 /* SymbolTextButtonView.swift in Sources */ = {isa = PBXBuildFile; fileRef = FC61DA73277C652600E1C775 /* SymbolTextButtonView.swift */; };
		FC71FEEF277837070010C847 /* netflixBuildApp.swift in Sources */ = {isa = PBXBuildFile; fileRef = FC71FEEE277837070010C847 /* netflixBuildApp.swift */; };
		FC71FEF3277837080010C847 /* Assets.xcassets in Resources */ = {isa = PBXBuildFile; fileRef = FC71FEF2277837080010C847 /* Assets.xcassets */; };
		FC71FEF6277837080010C847 /* Preview Assets.xcassets in Resources */ = {isa = PBXBuildFile; fileRef = FC71FEF5277837080010C847 /* Preview Assets.xcassets */; };
		FC71FEFD277839760010C847 /* HomeView.swift in Sources */ = {isa = PBXBuildFile; fileRef = FC71FEFC277839760010C847 /* HomeView.swift */; };
		FC7572E12779566D0093639F /* Kingfisher in Frameworks */ = {isa = PBXBuildFile; productRef = FC7572E02779566D0093639F /* Kingfisher */; };
		FC7572E3277958850093639F /* Movie.swift in Sources */ = {isa = PBXBuildFile; fileRef = FC7572E2277958850093639F /* Movie.swift */; };
		FC7572E5277959D60093639F /* StandardHomeMovieView.swift in Sources */ = {isa = PBXBuildFile; fileRef = FC7572E4277959D60093639F /* StandardHomeMovieView.swift */; };
		FC7572E727795A1C0093639F /* GlobalHelpers.swift in Sources */ = {isa = PBXBuildFile; fileRef = FC7572E627795A1C0093639F /* GlobalHelpers.swift */; };
		FC7572EC27795F000093639F /* HomeViewModel.swift in Sources */ = {isa = PBXBuildFile; fileRef = FC7572EB27795F000093639F /* HomeViewModel.swift */; };
		FC7572EE277999C60093639F /* TopMoviePreviewView.swift in Sources */ = {isa = PBXBuildFile; fileRef = FC7572ED277999C60093639F /* TopMoviePreviewView.swift */; };
/* End PBXBuildFile section */

/* Begin PBXFileReference section */
		FC61DA71277C5B4000E1C775 /* SmallVerticalButtonView.swift */ = {isa = PBXFileReference; lastKnownFileType = sourcecode.swift; path = SmallVerticalButtonView.swift; sourceTree = "<group>"; };
		FC61DA73277C652600E1C775 /* SymbolTextButtonView.swift */ = {isa = PBXFileReference; lastKnownFileType = sourcecode.swift; path = SymbolTextButtonView.swift; sourceTree = "<group>"; };
		FC71FEEB277837070010C847 /* netflixBuild.app */ = {isa = PBXFileReference; explicitFileType = wrapper.application; includeInIndex = 0; path = netflixBuild.app; sourceTree = BUILT_PRODUCTS_DIR; };
		FC71FEEE277837070010C847 /* netflixBuildApp.swift */ = {isa = PBXFileReference; lastKnownFileType = sourcecode.swift; path = netflixBuildApp.swift; sourceTree = "<group>"; };
		FC71FEF2277837080010C847 /* Assets.xcassets */ = {isa = PBXFileReference; lastKnownFileType = folder.assetcatalog; path = Assets.xcassets; sourceTree = "<group>"; };
		FC71FEF5277837080010C847 /* Preview Assets.xcassets */ = {isa = PBXFileReference; lastKnownFileType = folder.assetcatalog; path = "Preview Assets.xcassets"; sourceTree = "<group>"; };
		FC71FEFC277839760010C847 /* HomeView.swift */ = {isa = PBXFileReference; lastKnownFileType = sourcecode.swift; path = HomeView.swift; sourceTree = "<group>"; };
		FC7572E2277958850093639F /* Movie.swift */ = {isa = PBXFileReference; lastKnownFileType = sourcecode.swift; path = Movie.swift; sourceTree = "<group>"; };
		FC7572E4277959D60093639F /* StandardHomeMovieView.swift */ = {isa = PBXFileReference; lastKnownFileType = sourcecode.swift; path = StandardHomeMovieView.swift; sourceTree = "<group>"; };
		FC7572E627795A1C0093639F /* GlobalHelpers.swift */ = {isa = PBXFileReference; lastKnownFileType = sourcecode.swift; path = GlobalHelpers.swift; sourceTree = "<group>"; };
		FC7572EB27795F000093639F /* HomeViewModel.swift */ = {isa = PBXFileReference; lastKnownFileType = sourcecode.swift; path = HomeViewModel.swift; sourceTree = "<group>"; };
		FC7572ED277999C60093639F /* TopMoviePreviewView.swift */ = {isa = PBXFileReference; lastKnownFileType = sourcecode.swift; path = TopMoviePreviewView.swift; sourceTree = "<group>"; };
/* End PBXFileReference section */

/* Begin PBXFrameworksBuildPhase section */
		FC71FEE8277837070010C847 /* Frameworks */ = {
			isa = PBXFrameworksBuildPhase;
			buildActionMask = 2147483647;
			files = (
				FC7572E12779566D0093639F /* Kingfisher in Frameworks */,
			);
			runOnlyForDeploymentPostprocessing = 0;
		};
/* End PBXFrameworksBuildPhase section */

/* Begin PBXGroup section */
		FC71FEE2277837070010C847 = {
			isa = PBXGroup;
			children = (
				FC71FEED277837070010C847 /* netflixBuild */,
				FC71FEEC277837070010C847 /* Products */,
			);
			sourceTree = "<group>";
		};
		FC71FEEC277837070010C847 /* Products */ = {
			isa = PBXGroup;
			children = (
				FC71FEEB277837070010C847 /* netflixBuild.app */,
			);
			name = Products;
			sourceTree = "<group>";
		};
		FC71FEED277837070010C847 /* netflixBuild */ = {
			isa = PBXGroup;
			children = (
				FC71FEF2277837080010C847 /* Assets.xcassets */,
				FC71FEEE277837070010C847 /* netflixBuildApp.swift */,
				FC71FEFE277839820010C847 /* Home */,
				FC7572EA27795A740093639F /* Helpers */,
				FC7572E827795A380093639F /* Models */,
				FC7572E927795A610093639F /* Views */,
				FC71FEF4277837080010C847 /* Preview Content */,
			);
			path = netflixBuild;
			sourceTree = "<group>";
		};
		FC71FEF4277837080010C847 /* Preview Content */ = {
			isa = PBXGroup;
			children = (
				FC71FEF5277837080010C847 /* Preview Assets.xcassets */,
			);
			path = "Preview Content";
			sourceTree = "<group>";
		};
		FC71FEFE277839820010C847 /* Home */ = {
			isa = PBXGroup;
			children = (
				FC71FEFC277839760010C847 /* HomeView.swift */,
			);
			path = Home;
			sourceTree = "<group>";
		};
		FC7572E827795A380093639F /* Models */ = {
			isa = PBXGroup;
			children = (
				FC7572E2277958850093639F /* Movie.swift */,
				FC7572EB27795F000093639F /* HomeViewModel.swift */,
			);
			path = Models;
			sourceTree = "<group>";
		};
		FC7572E927795A610093639F /* Views */ = {
			isa = PBXGroup;
			children = (
				FC7572E4277959D60093639F /* StandardHomeMovieView.swift */,
				FC7572ED277999C60093639F /* TopMoviePreviewView.swift */,
				FC61DA71277C5B4000E1C775 /* SmallVerticalButtonView.swift */,
				FC61DA73277C652600E1C775 /* SymbolTextButtonView.swift */,
			);
			path = Views;
			sourceTree = "<group>";
		};
		FC7572EA27795A740093639F /* Helpers */ = {
			isa = PBXGroup;
			children = (
				FC7572E627795A1C0093639F /* GlobalHelpers.swift */,
			);
			path = Helpers;
			sourceTree = "<group>";
		};
/* End PBXGroup section */

/* Begin PBXNativeTarget section */
		FC71FEEA277837070010C847 /* netflixBuild */ = {
			isa = PBXNativeTarget;
			buildConfigurationList = FC71FEF9277837080010C847 /* Build configuration list for PBXNativeTarget "netflixBuild" */;
			buildPhases = (
				FC71FEE7277837070010C847 /* Sources */,
				FC71FEE8277837070010C847 /* Frameworks */,
				FC71FEE9277837070010C847 /* Resources */,
			);
			buildRules = (
			);
			dependencies = (
			);
			name = netflixBuild;
			packageProductDependencies = (
				FC7572E02779566D0093639F /* Kingfisher */,
			);
			productName = netflixBuild;
			productReference = FC71FEEB277837070010C847 /* netflixBuild.app */;
			productType = "com.apple.product-type.application";
		};
/* End PBXNativeTarget section */

/* Begin PBXProject section */
		FC71FEE3277837070010C847 /* Project object */ = {
			isa = PBXProject;
			attributes = {
				BuildIndependentTargetsInParallel = 1;
				LastSwiftUpdateCheck = 1320;
				LastUpgradeCheck = 1320;
				TargetAttributes = {
					FC71FEEA277837070010C847 = {
						CreatedOnToolsVersion = 13.2.1;
					};
				};
			};
			buildConfigurationList = FC71FEE6277837070010C847 /* Build configuration list for PBXProject "netflixBuild" */;
			compatibilityVersion = "Xcode 13.0";
			developmentRegion = en;
			hasScannedForEncodings = 0;
			knownRegions = (
				en,
				Base,
			);
			mainGroup = FC71FEE2277837070010C847;
			packageReferences = (
				FC7572DF2779566D0093639F /* XCRemoteSwiftPackageReference "Kingfisher" */,
			);
			productRefGroup = FC71FEEC277837070010C847 /* Products */;
			projectDirPath = "";
			projectRoot = "";
			targets = (
				FC71FEEA277837070010C847 /* netflixBuild */,
			);
		};
/* End PBXProject section */

/* Begin PBXResourcesBuildPhase section */
		FC71FEE9277837070010C847 /* Resources */ = {
			isa = PBXResourcesBuildPhase;
			buildActionMask = 2147483647;
			files = (
				FC71FEF6277837080010C847 /* Preview Assets.xcassets in Resources */,
				FC71FEF3277837080010C847 /* Assets.xcassets in Resources */,
			);
			runOnlyForDeploymentPostprocessing = 0;
		};
/* End PBXResourcesBuildPhase section */

/* Begin PBXSourcesBuildPhase section */
		FC71FEE7277837070010C847 /* Sources */ = {
			isa = PBXSourcesBuildPhase;
			buildActionMask = 2147483647;
			files = (
				FC7572E727795A1C0093639F /* GlobalHelpers.swift in Sources */,
				FC7572EC27795F000093639F /* HomeViewModel.swift in Sources */,
				FC61DA72277C5B4100E1C775 /* SmallVerticalButtonView.swift in Sources */,
				FC71FEFD277839760010C847 /* HomeView.swift in Sources */,
				FC7572E3277958850093639F /* Movie.swift in Sources */,
				FC61DA74277C652600E1C775 /* SymbolTextButtonView.swift in Sources */,
				FC7572EE277999C60093639F /* TopMoviePreviewView.swift in Sources */,
				FC71FEEF277837070010C847 /* netflixBuildApp.swift in Sources */,
				FC7572E5277959D60093639F /* StandardHomeMovieView.swift in Sources */,
			);
			runOnlyForDeploymentPostprocessing = 0;
		};
/* End PBXSourcesBuildPhase section */

/* Begin XCBuildConfiguration section */
		FC71FEF7277837080010C847 /* Debug */ = {
			isa = XCBuildConfiguration;
			buildSettings = {
				ALWAYS_SEARCH_USER_PATHS = NO;
				CLANG_ANALYZER_NONNULL = YES;
				CLANG_ANALYZER_NUMBER_OBJECT_CONVERSION = YES_AGGRESSIVE;
				CLANG_CXX_LANGUAGE_STANDARD = "gnu++17";
				CLANG_CXX_LIBRARY = "libc++";
				CLANG_ENABLE_MODULES = YES;
				CLANG_ENABLE_OBJC_ARC = YES;
				CLANG_ENABLE_OBJC_WEAK = YES;
				CLANG_WARN_BLOCK_CAPTURE_AUTORELEASING = YES;
				CLANG_WARN_BOOL_CONVERSION = YES;
				CLANG_WARN_COMMA = YES;
				CLANG_WARN_CONSTANT_CONVERSION = YES;
				CLANG_WARN_DEPRECATED_OBJC_IMPLEMENTATIONS = YES;
				CLANG_WARN_DIRECT_OBJC_ISA_USAGE = YES_ERROR;
				CLANG_WARN_DOCUMENTATION_COMMENTS = YES;
				CLANG_WARN_EMPTY_BODY = YES;
				CLANG_WARN_ENUM_CONVERSION = YES;
				CLANG_WARN_INFINITE_RECURSION = YES;
				CLANG_WARN_INT_CONVERSION = YES;
				CLANG_WARN_NON_LITERAL_NULL_CONVERSION = YES;
				CLANG_WARN_OBJC_IMPLICIT_RETAIN_SELF = YES;
				CLANG_WARN_OBJC_LITERAL_CONVERSION = YES;
				CLANG_WARN_OBJC_ROOT_CLASS = YES_ERROR;
				CLANG_WARN_QUOTED_INCLUDE_IN_FRAMEWORK_HEADER = YES;
				CLANG_WARN_RANGE_LOOP_ANALYSIS = YES;
				CLANG_WARN_STRICT_PROTOTYPES = YES;
				CLANG_WARN_SUSPICIOUS_MOVE = YES;
				CLANG_WARN_UNGUARDED_AVAILABILITY = YES_AGGRESSIVE;
				CLANG_WARN_UNREACHABLE_CODE = YES;
				CLANG_WARN__DUPLICATE_METHOD_MATCH = YES;
				COPY_PHASE_STRIP = NO;
				DEBUG_INFORMATION_FORMAT = dwarf;
				ENABLE_STRICT_OBJC_MSGSEND = YES;
				ENABLE_TESTABILITY = YES;
				GCC_C_LANGUAGE_STANDARD = gnu11;
				GCC_DYNAMIC_NO_PIC = NO;
				GCC_NO_COMMON_BLOCKS = YES;
				GCC_OPTIMIZATION_LEVEL = 0;
				GCC_PREPROCESSOR_DEFINITIONS = (
					"DEBUG=1",
					"$(inherited)",
				);
				GCC_WARN_64_TO_32_BIT_CONVERSION = YES;
				GCC_WARN_ABOUT_RETURN_TYPE = YES_ERROR;
				GCC_WARN_UNDECLARED_SELECTOR = YES;
				GCC_WARN_UNINITIALIZED_AUTOS = YES_AGGRESSIVE;
				GCC_WARN_UNUSED_FUNCTION = YES;
				GCC_WARN_UNUSED_VARIABLE = YES;
				IPHONEOS_DEPLOYMENT_TARGET = 15.2;
				MTL_ENABLE_DEBUG_INFO = INCLUDE_SOURCE;
				MTL_FAST_MATH = YES;
				ONLY_ACTIVE_ARCH = YES;
				SDKROOT = iphoneos;
				SWIFT_ACTIVE_COMPILATION_CONDITIONS = DEBUG;
				SWIFT_OPTIMIZATION_LEVEL = "-Onone";
			};
			name = Debug;
		};
		FC71FEF8277837080010C847 /* Release */ = {
			isa = XCBuildConfiguration;
			buildSettings = {
				ALWAYS_SEARCH_USER_PATHS = NO;
				CLANG_ANALYZER_NONNULL = YES;
				CLANG_ANALYZER_NUMBER_OBJECT_CONVERSION = YES_AGGRESSIVE;
				CLANG_CXX_LANGUAGE_STANDARD = "gnu++17";
				CLANG_CXX_LIBRARY = "libc++";
				CLANG_ENABLE_MODULES = YES;
				CLANG_ENABLE_OBJC_ARC = YES;
				CLANG_ENABLE_OBJC_WEAK = YES;
				CLANG_WARN_BLOCK_CAPTURE_AUTORELEASING = YES;
				CLANG_WARN_BOOL_CONVERSION = YES;
				CLANG_WARN_COMMA = YES;
				CLANG_WARN_CONSTANT_CONVERSION = YES;
				CLANG_WARN_DEPRECATED_OBJC_IMPLEMENTATIONS = YES;
				CLANG_WARN_DIRECT_OBJC_ISA_USAGE = YES_ERROR;
				CLANG_WARN_DOCUMENTATION_COMMENTS = YES;
				CLANG_WARN_EMPTY_BODY = YES;
				CLANG_WARN_ENUM_CONVERSION = YES;
				CLANG_WARN_INFINITE_RECURSION = YES;
				CLANG_WARN_INT_CONVERSION = YES;
				CLANG_WARN_NON_LITERAL_NULL_CONVERSION = YES;
				CLANG_WARN_OBJC_IMPLICIT_RETAIN_SELF = YES;
				CLANG_WARN_OBJC_LITERAL_CONVERSION = YES;
				CLANG_WARN_OBJC_ROOT_CLASS = YES_ERROR;
				CLANG_WARN_QUOTED_INCLUDE_IN_FRAMEWORK_HEADER = YES;
				CLANG_WARN_RANGE_LOOP_ANALYSIS = YES;
				CLANG_WARN_STRICT_PROTOTYPES = YES;
				CLANG_WARN_SUSPICIOUS_MOVE = YES;
				CLANG_WARN_UNGUARDED_AVAILABILITY = YES_AGGRESSIVE;
				CLANG_WARN_UNREACHABLE_CODE = YES;
				CLANG_WARN__DUPLICATE_METHOD_MATCH = YES;
				COPY_PHASE_STRIP = NO;
				DEBUG_INFORMATION_FORMAT = "dwarf-with-dsym";
				ENABLE_NS_ASSERTIONS = NO;
				ENABLE_STRICT_OBJC_MSGSEND = YES;
				GCC_C_LANGUAGE_STANDARD = gnu11;
				GCC_NO_COMMON_BLOCKS = YES;
				GCC_WARN_64_TO_32_BIT_CONVERSION = YES;
				GCC_WARN_ABOUT_RETURN_TYPE = YES_ERROR;
				GCC_WARN_UNDECLARED_SELECTOR = YES;
				GCC_WARN_UNINITIALIZED_AUTOS = YES_AGGRESSIVE;
				GCC_WARN_UNUSED_FUNCTION = YES;
				GCC_WARN_UNUSED_VARIABLE = YES;
				IPHONEOS_DEPLOYMENT_TARGET = 15.2;
				MTL_ENABLE_DEBUG_INFO = NO;
				MTL_FAST_MATH = YES;
				SDKROOT = iphoneos;
				SWIFT_COMPILATION_MODE = wholemodule;
				SWIFT_OPTIMIZATION_LEVEL = "-O";
				VALIDATE_PRODUCT = YES;
			};
			name = Release;
		};
		FC71FEFA277837080010C847 /* Debug */ = {
			isa = XCBuildConfiguration;
			buildSettings = {
				ASSETCATALOG_COMPILER_APPICON_NAME = AppIcon;
				ASSETCATALOG_COMPILER_GLOBAL_ACCENT_COLOR_NAME = AccentColor;
				CODE_SIGN_STYLE = Automatic;
				CURRENT_PROJECT_VERSION = 1;
				DEVELOPMENT_ASSET_PATHS = "\"netflixBuild/Preview Content\"";
				DEVELOPMENT_TEAM = Z3392E9L93;
				ENABLE_PREVIEWS = YES;
				GENERATE_INFOPLIST_FILE = YES;
				INFOPLIST_KEY_UIApplicationSceneManifest_Generation = YES;
				INFOPLIST_KEY_UIApplicationSupportsIndirectInputEvents = YES;
				INFOPLIST_KEY_UILaunchScreen_Generation = YES;
				INFOPLIST_KEY_UISupportedInterfaceOrientations_iPad = "UIInterfaceOrientationPortrait UIInterfaceOrientationPortraitUpsideDown UIInterfaceOrientationLandscapeLeft UIInterfaceOrientationLandscapeRight";
				INFOPLIST_KEY_UISupportedInterfaceOrientations_iPhone = "UIInterfaceOrientationPortrait UIInterfaceOrientationLandscapeLeft UIInterfaceOrientationLandscapeRight";
				LD_RUNPATH_SEARCH_PATHS = (
					"$(inherited)",
					"@executable_path/Frameworks",
				);
				MARKETING_VERSION = 1.0;
				PRODUCT_BUNDLE_IDENTIFIER = com.teamlazyfox.netflixBuild;
				PRODUCT_NAME = "$(TARGET_NAME)";
				SWIFT_EMIT_LOC_STRINGS = YES;
				SWIFT_VERSION = 5.0;
				TARGETED_DEVICE_FAMILY = "1,2";
			};
			name = Debug;
		};
		FC71FEFB277837080010C847 /* Release */ = {
			isa = XCBuildConfiguration;
			buildSettings = {
				ASSETCATALOG_COMPILER_APPICON_NAME = AppIcon;
				ASSETCATALOG_COMPILER_GLOBAL_ACCENT_COLOR_NAME = AccentColor;
				CODE_SIGN_STYLE = Automatic;
				CURRENT_PROJECT_VERSION = 1;
				DEVELOPMENT_ASSET_PATHS = "\"netflixBuild/Preview Content\"";
				DEVELOPMENT_TEAM = Z3392E9L93;
				ENABLE_PREVIEWS = YES;
				GENERATE_INFOPLIST_FILE = YES;
				INFOPLIST_KEY_UIApplicationSceneManifest_Generation = YES;
				INFOPLIST_KEY_UIApplicationSupportsIndirectInputEvents = YES;
				INFOPLIST_KEY_UILaunchScreen_Generation = YES;
				INFOPLIST_KEY_UISupportedInterfaceOrientations_iPad = "UIInterfaceOrientationPortrait UIInterfaceOrientationPortraitUpsideDown UIInterfaceOrientationLandscapeLeft UIInterfaceOrientationLandscapeRight";
				INFOPLIST_KEY_UISupportedInterfaceOrientations_iPhone = "UIInterfaceOrientationPortrait UIInterfaceOrientationLandscapeLeft UIInterfaceOrientationLandscapeRight";
				LD_RUNPATH_SEARCH_PATHS = (
					"$(inherited)",
					"@executable_path/Frameworks",
				);
				MARKETING_VERSION = 1.0;
				PRODUCT_BUNDLE_IDENTIFIER = com.teamlazyfox.netflixBuild;
				PRODUCT_NAME = "$(TARGET_NAME)";
				SWIFT_EMIT_LOC_STRINGS = YES;
				SWIFT_VERSION = 5.0;
				TARGETED_DEVICE_FAMILY = "1,2";
			};
			name = Release;
		};
/* End XCBuildConfiguration section */

/* Begin XCConfigurationList section */
		FC71FEE6277837070010C847 /* Build configuration list for PBXProject "netflixBuild" */ = {
			isa = XCConfigurationList;
			buildConfigurations = (
				FC71FEF7277837080010C847 /* Debug */,
				FC71FEF8277837080010C847 /* Release */,
			);
			defaultConfigurationIsVisible = 0;
			defaultConfigurationName = Release;
		};
		FC71FEF9277837080010C847 /* Build configuration list for PBXNativeTarget "netflixBuild" */ = {
			isa = XCConfigurationList;
			buildConfigurations = (
				FC71FEFA277837080010C847 /* Debug */,
				FC71FEFB277837080010C847 /* Release */,
			);
			defaultConfigurationIsVisible = 0;
			defaultConfigurationName = Release;
		};
/* End XCConfigurationList section */

/* Begin XCRemoteSwiftPackageReference section */
		FC7572DF2779566D0093639F /* XCRemoteSwiftPackageReference "Kingfisher" */ = {
			isa = XCRemoteSwiftPackageReference;
			repositoryURL = "https://github.com/onevcat/Kingfisher.git";
			requirement = {
				kind = upToNextMajorVersion;
				minimumVersion = 7.0.0;
			};
		};
/* End XCRemoteSwiftPackageReference section */

/* Begin XCSwiftPackageProductDependency section */
		FC7572E02779566D0093639F /* Kingfisher */ = {
			isa = XCSwiftPackageProductDependency;
			package = FC7572DF2779566D0093639F /* XCRemoteSwiftPackageReference "Kingfisher" */;
			productName = Kingfisher;
		};
/* End XCSwiftPackageProductDependency section */
	};
	rootObject = FC71FEE3277837070010C847 /* Project object */;
}
